
Microsoft Visual Studio Solution File, Format Version 12.00
# Visual Studio Version 17
VisualStudioVersion = 17.5.002.0
MinimumVisualStudioVersion = 10.0.40219.1
Project("{9A19103F-16F7-4668-BE54-9A1E7A4F7556}") = "api", "api\api.csproj", "{E5126348-F6D3-4B9D-8A5A-07B684985B4D}"
EndProject
Global
	GlobalSection(SolutionConfigurationPlatforms) = preSolution
		Debug|Any CPU = Debug|Any CPU
		Release|Any CPU = Release|Any CPU
	EndGlobalSection
	GlobalSection(ProjectConfigurationPlatforms) = postSolution
		{E5126348-F6D3-4B9D-8A5A-07B684985B4D}.Debug|Any CPU.ActiveCfg = Debug|Any CPU
		{E5126348-F6D3-4B9D-8A5A-07B684985B4D}.Debug|Any CPU.Build.0 = Debug|Any CPU
		{E5126348-F6D3-4B9D-8A5A-07B684985B4D}.Release|Any CPU.ActiveCfg = Release|Any CPU
		{E5126348-F6D3-4B9D-8A5A-07B684985B4D}.Release|Any CPU.Build.0 = Release|Any CPU
	EndGlobalSection
	GlobalSection(SolutionProperties) = preSolution
		HideSolutionNode = FALSE
	EndGlobalSection
	GlobalSection(ExtensibilityGlobals) = postSolution
		SolutionGuid = {6C8F7363-9D3A-4EED-AC52-8E209F04E67F}
	EndGlobalSection
EndGlobal
